
Microsoft Visual Studio Solution File, Format Version 12.00
Project("{2150E333-8FDC-42A3-9474-1A3956D46DE8}") = "src", "src", "{8C7831E3-A75D-448F-B4B6-1EDB02F2147F}"
EndProject
Project("{FAE04EC0-301F-11D3-BF4B-00C04F79EFBC}") = "Task1", "Task1\Task1.csproj", "{86A3A213-3B50-4A7E-8E11-AD7E54CA1696}"
EndProject
Project("{FAE04EC0-301F-11D3-BF4B-00C04F79EFBC}") = "Task2", "Task2\Task2.csproj", "{5CB3B9D8-4C45-4EF3-8A6F-E7AD304BA0FF}"
EndProject
Project("{FAE04EC0-301F-11D3-BF4B-00C04F79EFBC}") = "Task3", "Task3\Task3.csproj", "{8091FD7A-A08D-4029-80B9-AE5769736DC1}"
EndProject
Project("{FAE04EC0-301F-11D3-BF4B-00C04F79EFBC}") = "Task4", "Task4\Task4.csproj", "{0F1A9259-903A-41ED-A0AE-1151433906E8}"
EndProject
Global
	GlobalSection(SolutionConfigurationPlatforms) = preSolution
		Debug|Any CPU = Debug|Any CPU
		Release|Any CPU = Release|Any CPU
	EndGlobalSection
	GlobalSection(ProjectConfigurationPlatforms) = postSolution
		{86A3A213-3B50-4A7E-8E11-AD7E54CA1696}.Debug|Any CPU.ActiveCfg = Debug|Any CPU
		{86A3A213-3B50-4A7E-8E11-AD7E54CA1696}.Debug|Any CPU.Build.0 = Debug|Any CPU
		{86A3A213-3B50-4A7E-8E11-AD7E54CA1696}.Release|Any CPU.ActiveCfg = Release|Any CPU
		{86A3A213-3B50-4A7E-8E11-AD7E54CA1696}.Release|Any CPU.Build.0 = Release|Any CPU
		{5CB3B9D8-4C45-4EF3-8A6F-E7AD304BA0FF}.Debug|Any CPU.ActiveCfg = Debug|Any CPU
		{5CB3B9D8-4C45-4EF3-8A6F-E7AD304BA0FF}.Debug|Any CPU.Build.0 = Debug|Any CPU
		{5CB3B9D8-4C45-4EF3-8A6F-E7AD304BA0FF}.Release|Any CPU.ActiveCfg = Release|Any CPU
		{5CB3B9D8-4C45-4EF3-8A6F-E7AD304BA0FF}.Release|Any CPU.Build.0 = Release|Any CPU
		{8091FD7A-A08D-4029-80B9-AE5769736DC1}.Debug|Any CPU.ActiveCfg = Debug|Any CPU
		{8091FD7A-A08D-4029-80B9-AE5769736DC1}.Debug|Any CPU.Build.0 = Debug|Any CPU
		{8091FD7A-A08D-4029-80B9-AE5769736DC1}.Release|Any CPU.ActiveCfg = Release|Any CPU
		{8091FD7A-A08D-4029-80B9-AE5769736DC1}.Release|Any CPU.Build.0 = Release|Any CPU
		{0F1A9259-903A-41ED-A0AE-1151433906E8}.Debug|Any CPU.ActiveCfg = Debug|Any CPU
		{0F1A9259-903A-41ED-A0AE-1151433906E8}.Debug|Any CPU.Build.0 = Debug|Any CPU
		{0F1A9259-903A-41ED-A0AE-1151433906E8}.Release|Any CPU.ActiveCfg = Release|Any CPU
		{0F1A9259-903A-41ED-A0AE-1151433906E8}.Release|Any CPU.Build.0 = Release|Any CPU
	EndGlobalSection
	GlobalSection(NestedProjects) = preSolution
		{86A3A213-3B50-4A7E-8E11-AD7E54CA1696} = {8C7831E3-A75D-448F-B4B6-1EDB02F2147F}
		{5CB3B9D8-4C45-4EF3-8A6F-E7AD304BA0FF} = {8C7831E3-A75D-448F-B4B6-1EDB02F2147F}
		{8091FD7A-A08D-4029-80B9-AE5769736DC1} = {8C7831E3-A75D-448F-B4B6-1EDB02F2147F}
		{0F1A9259-903A-41ED-A0AE-1151433906E8} = {8C7831E3-A75D-448F-B4B6-1EDB02F2147F}
	EndGlobalSection
EndGlobal
